// !$*UTF8*$!
{
	archiveVersion = 1;
	classes = {
	};
	objectVersion = 46;
	objects = {

/* Begin PBXBuildFile section */
		C1B456C719C4F8C9000C36BB /* main.m in Sources */ = {isa = PBXBuildFile; fileRef = C1B456C619C4F8C9000C36BB /* main.m */; };
		C1B456CA19C4F8C9000C36BB /* AppDelegate.m in Sources */ = {isa = PBXBuildFile; fileRef = C1B456C919C4F8C9000C36BB /* AppDelegate.m */; };
		C1B456CD19C4F8C9000C36BB /* ViewController.m in Sources */ = {isa = PBXBuildFile; fileRef = C1B456CC19C4F8C9000C36BB /* ViewController.m */; };
		C1B456D019C4F8C9000C36BB /* Main.storyboard in Resources */ = {isa = PBXBuildFile; fileRef = C1B456CE19C4F8C9000C36BB /* Main.storyboard */; };
		C1B456D219C4F8C9000C36BB /* Images.xcassets in Resources */ = {isa = PBXBuildFile; fileRef = C1B456D119C4F8C9000C36BB /* Images.xcassets */; };
		C1B456D519C4F8C9000C36BB /* LaunchScreen.xib in Resources */ = {isa = PBXBuildFile; fileRef = C1B456D319C4F8C9000C36BB /* LaunchScreen.xib */; };
		C1B456E119C4F8C9000C36BB /* discoverabilityTests.m in Sources */ = {isa = PBXBuildFile; fileRef = C1B456E019C4F8C9000C36BB /* discoverabilityTests.m */; };
/* End PBXBuildFile section */

/* Begin PBXContainerItemProxy section */
		C1B456DB19C4F8C9000C36BB /* PBXContainerItemProxy */ = {
			isa = PBXContainerItemProxy;
			containerPortal = C1B456B919C4F8C9000C36BB /* Project object */;
			proxyType = 1;
			remoteGlobalIDString = C1B456C019C4F8C9000C36BB;
			remoteInfo = discoverability;
		};
/* End PBXContainerItemProxy section */

/* Begin PBXFileReference section */
		C1B456C119C4F8C9000C36BB /* discoverability.app */ = {isa = PBXFileReference; explicitFileType = wrapper.application; includeInIndex = 0; path = discoverability.app; sourceTree = BUILT_PRODUCTS_DIR; };
		C1B456C519C4F8C9000C36BB /* Info.plist */ = {isa = PBXFileReference; lastKnownFileType = text.plist.xml; path = Info.plist; sourceTree = "<group>"; };
		C1B456C619C4F8C9000C36BB /* main.m */ = {isa = PBXFileReference; lastKnownFileType = sourcecode.c.objc; path = main.m; sourceTree = "<group>"; };
		C1B456C819C4F8C9000C36BB /* AppDelegate.h */ = {isa = PBXFileReference; lastKnownFileType = sourcecode.c.h; path = AppDelegate.h; sourceTree = "<group>"; };
		C1B456C919C4F8C9000C36BB /* AppDelegate.m */ = {isa = PBXFileReference; lastKnownFileType = sourcecode.c.objc; path = AppDelegate.m; sourceTree = "<group>"; };
		C1B456CB19C4F8C9000C36BB /* ViewController.h */ = {isa = PBXFileReference; lastKnownFileType = sourcecode.c.h; path = ViewController.h; sourceTree = "<group>"; };
		C1B456CC19C4F8C9000C36BB /* ViewController.m */ = {isa = PBXFileReference; lastKnownFileType = sourcecode.c.objc; path = ViewController.m; sourceTree = "<group>"; };
		C1B456CF19C4F8C9000C36BB /* Base */ = {isa = PBXFileReference; lastKnownFileType = file.storyboard; name = Base; path = Base.lproj/Main.storyboard; sourceTree = "<group>"; };
		C1B456D119C4F8C9000C36BB /* Images.xcassets */ = {isa = PBXFileReference; lastKnownFileType = folder.assetcatalog; path = Images.xcassets; sourceTree = "<group>"; };
		C1B456D419C4F8C9000C36BB /* Base */ = {isa = PBXFileReference; lastKnownFileType = file.xib; name = Base; path = Base.lproj/LaunchScreen.xib; sourceTree = "<group>"; };
		C1B456DA19C4F8C9000C36BB /* discoverabilityTests.xctest */ = {isa = PBXFileReference; explicitFileType = wrapper.cfbundle; includeInIndex = 0; path = discoverabilityTests.xctest; sourceTree = BUILT_PRODUCTS_DIR; };
		C1B456DF19C4F8C9000C36BB /* Info.plist */ = {isa = PBXFileReference; lastKnownFileType = text.plist.xml; path = Info.plist; sourceTree = "<group>"; };
		C1B456E019C4F8C9000C36BB /* discoverabilityTests.m */ = {isa = PBXFileReference; lastKnownFileType = sourcecode.c.objc; path = discoverabilityTests.m; sourceTree = "<group>"; };
/* End PBXFileReference section */

/* Begin PBXFrameworksBuildPhase section */
		C1B456BE19C4F8C9000C36BB /* Frameworks */ = {
			isa = PBXFrameworksBuildPhase;
			buildActionMask = 2147483647;
			files = (
			);
			runOnlyForDeploymentPostprocessing = 0;
		};
		C1B456D719C4F8C9000C36BB /* Frameworks */ = {
			isa = PBXFrameworksBuildPhase;
			buildActionMask = 2147483647;
			files = (
			);
			runOnlyForDeploymentPostprocessing = 0;
		};
/* End PBXFrameworksBuildPhase section */

/* Begin PBXGroup section */
		C1B456B819C4F8C9000C36BB = {
			isa = PBXGroup;
			children = (
				C1B456C319C4F8C9000C36BB /* discoverability */,
				C1B456DD19C4F8C9000C36BB /* discoverabilityTests */,
				C1B456C219C4F8C9000C36BB /* Products */,
			);
			sourceTree = "<group>";
		};
		C1B456C219C4F8C9000C36BB /* Products */ = {
			isa = PBXGroup;
			children = (
				C1B456C119C4F8C9000C36BB /* discoverability.app */,
				C1B456DA19C4F8C9000C36BB /* discoverabilityTests.xctest */,
			);
			name = Products;
			sourceTree = "<group>";
		};
		C1B456C319C4F8C9000C36BB /* discoverability */ = {
			isa = PBXGroup;
			children = (
				C1B456C819C4F8C9000C36BB /* AppDelegate.h */,
				C1B456C919C4F8C9000C36BB /* AppDelegate.m */,
				C1B456CB19C4F8C9000C36BB /* ViewController.h */,
				C1B456CC19C4F8C9000C36BB /* ViewController.m */,
				C1B456CE19C4F8C9000C36BB /* Main.storyboard */,
				C1B456D119C4F8C9000C36BB /* Images.xcassets */,
				C1B456D319C4F8C9000C36BB /* LaunchScreen.xib */,
				C1B456C419C4F8C9000C36BB /* Supporting Files */,
			);
			path = discoverability;
			sourceTree = "<group>";
		};
		C1B456C419C4F8C9000C36BB /* Supporting Files */ = {
			isa = PBXGroup;
			children = (
				C1B456C519C4F8C9000C36BB /* Info.plist */,
				C1B456C619C4F8C9000C36BB /* main.m */,
			);
			name = "Supporting Files";
			sourceTree = "<group>";
		};
		C1B456DD19C4F8C9000C36BB /* discoverabilityTests */ = {
			isa = PBXGroup;
			children = (
				C1B456E019C4F8C9000C36BB /* discoverabilityTests.m */,
				C1B456DE19C4F8C9000C36BB /* Supporting Files */,
			);
			path = discoverabilityTests;
			sourceTree = "<group>";
		};
		C1B456DE19C4F8C9000C36BB /* Supporting Files */ = {
			isa = PBXGroup;
			children = (
				C1B456DF19C4F8C9000C36BB /* Info.plist */,
			);
			name = "Supporting Files";
			sourceTree = "<group>";
		};
/* End PBXGroup section */

/* Begin PBXNativeTarget section */
		C1B456C019C4F8C9000C36BB /* discoverability */ = {
			isa = PBXNativeTarget;
			buildConfigurationList = C1B456E419C4F8C9000C36BB /* Build configuration list for PBXNativeTarget "discoverability" */;
			buildPhases = (
				C1B456BD19C4F8C9000C36BB /* Sources */,
				C1B456BE19C4F8C9000C36BB /* Frameworks */,
				C1B456BF19C4F8C9000C36BB /* Resources */,
			);
			buildRules = (
			);
			dependencies = (
			);
			name = discoverability;
			productName = discoverability;
			productReference = C1B456C119C4F8C9000C36BB /* discoverability.app */;
			productType = "com.apple.product-type.application";
		};
		C1B456D919C4F8C9000C36BB /* discoverabilityTests */ = {
			isa = PBXNativeTarget;
			buildConfigurationList = C1B456E719C4F8C9000C36BB /* Build configuration list for PBXNativeTarget "discoverabilityTests" */;
			buildPhases = (
				C1B456D619C4F8C9000C36BB /* Sources */,
				C1B456D719C4F8C9000C36BB /* Frameworks */,
				C1B456D819C4F8C9000C36BB /* Resources */,
			);
			buildRules = (
			);
			dependencies = (
				C1B456DC19C4F8C9000C36BB /* PBXTargetDependency */,
			);
			name = discoverabilityTests;
			productName = discoverabilityTests;
			productReference = C1B456DA19C4F8C9000C36BB /* discoverabilityTests.xctest */;
			productType = "com.apple.product-type.bundle.unit-test";
		};
/* End PBXNativeTarget section */

/* Begin PBXProject section */
		C1B456B919C4F8C9000C36BB /* Project object */ = {
			isa = PBXProject;
			attributes = {
				LastUpgradeCheck = 0600;
				ORGANIZATIONNAME = "Matt Warren";
				TargetAttributes = {
					C1B456C019C4F8C9000C36BB = {
						CreatedOnToolsVersion = 6.0;
					};
					C1B456D919C4F8C9000C36BB = {
						CreatedOnToolsVersion = 6.0;
						TestTargetID = C1B456C019C4F8C9000C36BB;
					};
				};
			};
			buildConfigurationList = C1B456BC19C4F8C9000C36BB /* Build configuration list for PBXProject "discoverability" */;
			compatibilityVersion = "Xcode 3.2";
			developmentRegion = English;
			hasScannedForEncodings = 0;
			knownRegions = (
				en,
				Base,
			);
			mainGroup = C1B456B819C4F8C9000C36BB;
			productRefGroup = C1B456C219C4F8C9000C36BB /* Products */;
			projectDirPath = "";
			projectRoot = "";
			targets = (
				C1B456C019C4F8C9000C36BB /* discoverability */,
				C1B456D919C4F8C9000C36BB /* discoverabilityTests */,
			);
		};
/* End PBXProject section */

/* Begin PBXResourcesBuildPhase section */
		C1B456BF19C4F8C9000C36BB /* Resources */ = {
			isa = PBXResourcesBuildPhase;
			buildActionMask = 2147483647;
			files = (
				C1B456D019C4F8C9000C36BB /* Main.storyboard in Resources */,
				C1B456D519C4F8C9000C36BB /* LaunchScreen.xib in Resources */,
				C1B456D219C4F8C9000C36BB /* Images.xcassets in Resources */,
			);
			runOnlyForDeploymentPostprocessing = 0;
		};
		C1B456D819C4F8C9000C36BB /* Resources */ = {
			isa = PBXResourcesBuildPhase;
			buildActionMask = 2147483647;
			files = (
			);
			runOnlyForDeploymentPostprocessing = 0;
		};
/* End PBXResourcesBuildPhase section */

/* Begin PBXSourcesBuildPhase section */
		C1B456BD19C4F8C9000C36BB /* Sources */ = {
			isa = PBXSourcesBuildPhase;
			buildActionMask = 2147483647;
			files = (
				C1B456CD19C4F8C9000C36BB /* ViewController.m in Sources */,
				C1B456CA19C4F8C9000C36BB /* AppDelegate.m in Sources */,
				C1B456C719C4F8C9000C36BB /* main.m in Sources */,
			);
			runOnlyForDeploymentPostprocessing = 0;
		};
		C1B456D619C4F8C9000C36BB /* Sources */ = {
			isa = PBXSourcesBuildPhase;
			buildActionMask = 2147483647;
			files = (
				C1B456E119C4F8C9000C36BB /* discoverabilityTests.m in Sources */,
			);
			runOnlyForDeploymentPostprocessing = 0;
		};
/* End PBXSourcesBuildPhase section */

/* Begin PBXTargetDependency section */
		C1B456DC19C4F8C9000C36BB /* PBXTargetDependency */ = {
			isa = PBXTargetDependency;
			target = C1B456C019C4F8C9000C36BB /* discoverability */;
			targetProxy = C1B456DB19C4F8C9000C36BB /* PBXContainerItemProxy */;
		};
/* End PBXTargetDependency section */

/* Begin PBXVariantGroup section */
		C1B456CE19C4F8C9000C36BB /* Main.storyboard */ = {
			isa = PBXVariantGroup;
			children = (
				C1B456CF19C4F8C9000C36BB /* Base */,
			);
			name = Main.storyboard;
			sourceTree = "<group>";
		};
		C1B456D319C4F8C9000C36BB /* LaunchScreen.xib */ = {
			isa = PBXVariantGroup;
			children = (
				C1B456D419C4F8C9000C36BB /* Base */,
			);
			name = LaunchScreen.xib;
			sourceTree = "<group>";
		};
/* End PBXVariantGroup section */

/* Begin XCBuildConfiguration section */
		C1B456E219C4F8C9000C36BB /* Debug */ = {
			isa = XCBuildConfiguration;
			buildSettings = {
				ALWAYS_SEARCH_USER_PATHS = NO;
				CLANG_CXX_LANGUAGE_STANDARD = "gnu++0x";
				CLANG_CXX_LIBRARY = "libc++";
				CLANG_ENABLE_MODULES = YES;
				CLANG_ENABLE_OBJC_ARC = YES;
				CLANG_WARN_BOOL_CONVERSION = YES;
				CLANG_WARN_CONSTANT_CONVERSION = YES;
				CLANG_WARN_DIRECT_OBJC_ISA_USAGE = YES_ERROR;
				CLANG_WARN_EMPTY_BODY = YES;
				CLANG_WARN_ENUM_CONVERSION = YES;
				CLANG_WARN_INT_CONVERSION = YES;
				CLANG_WARN_OBJC_ROOT_CLASS = YES_ERROR;
				CLANG_WARN_UNREACHABLE_CODE = YES;
				CLANG_WARN__DUPLICATE_METHOD_MATCH = YES;
				"CODE_SIGN_IDENTITY[sdk=iphoneos*]" = "iPhone Developer";
				COPY_PHASE_STRIP = NO;
				ENABLE_STRICT_OBJC_MSGSEND = YES;
				GCC_C_LANGUAGE_STANDARD = gnu99;
				GCC_DYNAMIC_NO_PIC = NO;
				GCC_OPTIMIZATION_LEVEL = 0;
				GCC_PREPROCESSOR_DEFINITIONS = (
					"DEBUG=1",
					"$(inherited)",
				);
				GCC_SYMBOLS_PRIVATE_EXTERN = NO;
				GCC_WARN_64_TO_32_BIT_CONVERSION = YES;
				GCC_WARN_ABOUT_RETURN_TYPE = YES_ERROR;
				GCC_WARN_UNDECLARED_SELECTOR = YES;
				GCC_WARN_UNINITIALIZED_AUTOS = YES_AGGRESSIVE;
				GCC_WARN_UNUSED_FUNCTION = YES;
				GCC_WARN_UNUSED_VARIABLE = YES;
				IPHONEOS_DEPLOYMENT_TARGET = 8.0;
				MTL_ENABLE_DEBUG_INFO = YES;
				ONLY_ACTIVE_ARCH = YES;
				SDKROOT = iphoneos;
				TARGETED_DEVICE_FAMILY = "1,2";
			};
			name = Debug;
		};
		C1B456E319C4F8C9000C36BB /* Release */ = {
			isa = XCBuildConfiguration;
			buildSettings = {
				ALWAYS_SEARCH_USER_PATHS = NO;
				CLANG_CXX_LANGUAGE_STANDARD = "gnu++0x";
				CLANG_CXX_LIBRARY = "libc++";
				CLANG_ENABLE_MODULES = YES;
				CLANG_ENABLE_OBJC_ARC = YES;
				CLANG_WARN_BOOL_CONVERSION = YES;
				CLANG_WARN_CONSTANT_CONVERSION = YES;
				CLANG_WARN_DIRECT_OBJC_ISA_USAGE = YES_ERROR;
				CLANG_WARN_EMPTY_BODY = YES;
				CLANG_WARN_ENUM_CONVERSION = YES;
				CLANG_WARN_INT_CONVERSION = YES;
				CLANG_WARN_OBJC_ROOT_CLASS = YES_ERROR;
				CLANG_WARN_UNREACHABLE_CODE = YES;
				CLANG_WARN__DUPLICATE_METHOD_MATCH = YES;
				"CODE_SIGN_IDENTITY[sdk=iphoneos*]" = "iPhone Developer";
				COPY_PHASE_STRIP = YES;
				ENABLE_NS_ASSERTIONS = NO;
				ENABLE_STRICT_OBJC_MSGSEND = YES;
				GCC_C_LANGUAGE_STANDARD = gnu99;
				GCC_WARN_64_TO_32_BIT_CONVERSION = YES;
				GCC_WARN_ABOUT_RETURN_TYPE = YES_ERROR;
				GCC_WARN_UNDECLARED_SELECTOR = YES;
				GCC_WARN_UNINITIALIZED_AUTOS = YES_AGGRESSIVE;
				GCC_WARN_UNUSED_FUNCTION = YES;
				GCC_WARN_UNUSED_VARIABLE = YES;
				IPHONEOS_DEPLOYMENT_TARGET = 8.0;
				MTL_ENABLE_DEBUG_INFO = NO;
				SDKROOT = iphoneos;
				TARGETED_DEVICE_FAMILY = "1,2";
				VALIDATE_PRODUCT = YES;
			};
			name = Release;
		};
		C1B456E519C4F8C9000C36BB /* Debug */ = {
			isa = XCBuildConfiguration;
			buildSettings = {
				ASSETCATALOG_COMPILER_APPICON_NAME = AppIcon;
				INFOPLIST_FILE = discoverability/Info.plist;
				LD_RUNPATH_SEARCH_PATHS = "$(inherited) @executable_path/Frameworks";
				PRODUCT_NAME = "$(TARGET_NAME)";
			};
			name = Debug;
		};
		C1B456E619C4F8C9000C36BB /* Release */ = {
			isa = XCBuildConfiguration;
			buildSettings = {
				ASSETCATALOG_COMPILER_APPICON_NAME = AppIcon;
				INFOPLIST_FILE = discoverability/Info.plist;
				LD_RUNPATH_SEARCH_PATHS = "$(inherited) @executable_path/Frameworks";
				PRODUCT_NAME = "$(TARGET_NAME)";
			};
			name = Release;
		};
		C1B456E819C4F8C9000C36BB /* Debug */ = {
			isa = XCBuildConfiguration;
			buildSettings = {
				BUNDLE_LOADER = "$(TEST_HOST)";
				FRAMEWORK_SEARCH_PATHS = (
					"$(SDKROOT)/Developer/Library/Frameworks",
					"$(inherited)",
				);
				GCC_PREPROCESSOR_DEFINITIONS = (
					"DEBUG=1",
					"$(inherited)",
				);
				INFOPLIST_FILE = discoverabilityTests/Info.plist;
				LD_RUNPATH_SEARCH_PATHS = "$(inherited) @executable_path/Frameworks @loader_path/Frameworks";
				PRODUCT_NAME = "$(TARGET_NAME)";
				TEST_HOST = "$(BUILT_PRODUCTS_DIR)/discoverability.app/discoverability";
			};
			name = Debug;
		};
		C1B456E919C4F8C9000C36BB /* Release */ = {
			isa = XCBuildConfiguration;
			buildSettings = {
				BUNDLE_LOADER = "$(TEST_HOST)";
				FRAMEWORK_SEARCH_PATHS = (
					"$(SDKROOT)/Developer/Library/Frameworks",
					"$(inherited)",
				);
				INFOPLIST_FILE = discoverabilityTests/Info.plist;
				LD_RUNPATH_SEARCH_PATHS = "$(inherited) @executable_path/Frameworks @loader_path/Frameworks";
				PRODUCT_NAME = "$(TARGET_NAME)";
				TEST_HOST = "$(BUILT_PRODUCTS_DIR)/discoverability.app/discoverability";
			};
			name = Release;
		};
/* End XCBuildConfiguration section */

/* Begin XCConfigurationList section */
		C1B456BC19C4F8C9000C36BB /* Build configuration list for PBXProject "discoverability" */ = {
			isa = XCConfigurationList;
			buildConfigurations = (
				C1B456E219C4F8C9000C36BB /* Debug */,
				C1B456E319C4F8C9000C36BB /* Release */,
			);
			defaultConfigurationIsVisible = 0;
			defaultConfigurationName = Release;
		};
		C1B456E419C4F8C9000C36BB /* Build configuration list for PBXNativeTarget "discoverability" */ = {
			isa = XCConfigurationList;
			buildConfigurations = (
				C1B456E519C4F8C9000C36BB /* Debug */,
				C1B456E619C4F8C9000C36BB /* Release */,
			);
			defaultConfigurationIsVisible = 0;
		};
		C1B456E719C4F8C9000C36BB /* Build configuration list for PBXNativeTarget "discoverabilityTests" */ = {
			isa = XCConfigurationList;
			buildConfigurations = (
				C1B456E819C4F8C9000C36BB /* Debug */,
				C1B456E919C4F8C9000C36BB /* Release */,
			);
			defaultConfigurationIsVisible = 0;
		};
/* End XCConfigurationList section */
	};
	rootObject = C1B456B919C4F8C9000C36BB /* Project object */;
}
